{
	"name": "lsp--sample",
	"version": "0.0.1",
	"lockfileVersion": 1,
	"requires": true,
	"dependencies": {
		"@types/mocha": {
			"version": "5.0.0",
			"resolved": "https://registry.npmjs.org/@types/mocha/-/mocha-5.0.0.tgz",
			"integrity": "sha512-ZS0vBV7Jn5Z/Q4T3VXauEKMDCV8nWOtJJg90OsDylkYJiQwcWtKuLzohWzrthBkerUF7DLMmJcwOPEP0i/AOXw==",
			"dev": true
		},
		"@types/node": {
			"version": "9.6.0",
			"resolved": "https://registry.npmjs.org/@types/node/-/node-9.6.0.tgz",
			"integrity": "sha512-h3YZbOq2+ZoDFI1z8Zx0Ck/xRWkOESVaLdgLdd/c25mMQ1Y2CAkILu9ny5A15S5f32gGcQdaUIZ2jzYr8D7IFg==",
			"dev": true
		},
		"typescript": {
			"version": "2.7.2",
			"resolved": "https://registry.npmjs.org/typescript/-/typescript-2.7.2.tgz",
			"integrity": "sha512-p5TCYZDAO0m4G344hD+wx/LATebLWZNkkh2asWUFqSsD2OrDNhbAHuSjobrmsUmdzjJjEeZVU9g1h3O6vpstnw==",
			"dev": true
		}
	}
}
